
Microsoft Visual Studio Solution File, Format Version 12.00
# Visual Studio Version 17
VisualStudioVersion = 17.6.33717.318
MinimumVisualStudioVersion = 10.0.40219.1
Project("{FAE04EC0-301F-11D3-BF4B-00C04F79EFBC}") = "pract11_1", "pract11_1.csproj", "{42F52F26-85E7-48BB-8BED-33A557A705D9}"
EndProject
Global
	GlobalSection(SolutionConfigurationPlatforms) = preSolution
		Debug|Any CPU = Debug|Any CPU
		Release|Any CPU = Release|Any CPU
	EndGlobalSection
	GlobalSection(ProjectConfigurationPlatforms) = postSolution
		{42F52F26-85E7-48BB-8BED-33A557A705D9}.Debug|Any CPU.ActiveCfg = Debug|Any CPU
		{42F52F26-85E7-48BB-8BED-33A557A705D9}.Debug|Any CPU.Build.0 = Debug|Any CPU
		{42F52F26-85E7-48BB-8BED-33A557A705D9}.Release|Any CPU.ActiveCfg = Release|Any CPU
		{42F52F26-85E7-48BB-8BED-33A557A705D9}.Release|Any CPU.Build.0 = Release|Any CPU
	EndGlobalSection
	GlobalSection(SolutionProperties) = preSolution
		HideSolutionNode = FALSE
	EndGlobalSection
	GlobalSection(ExtensibilityGlobals) = postSolution
		SolutionGuid = {0B583539-A1CD-4571-B36C-E3706CCE58C9}
	EndGlobalSection
EndGlobal
